
Microsoft Visual Studio Solution File, Format Version 12.00
# Visual Studio Version 16
VisualStudioVersion = 16.0.31624.102
MinimumVisualStudioVersion = 10.0.40219.1
Project("{9A19103F-16F7-4668-BE54-9A1E7A4F7556}") = "CompanyEmployees", "CompanyEmployees.csproj", "{F5DC6E42-974B-4B4A-97D1-63D207AF393B}"
	ProjectSection(ProjectDependencies) = postProject
		{D7113F20-29D2-42E7-B75E-785167C77806} = {D7113F20-29D2-42E7-B75E-785167C77806}
	EndProjectSection
EndProject
Project("{9A19103F-16F7-4668-BE54-9A1E7A4F7556}") = "Contracts", "..\Contracts\Contracts.csproj", "{D7113F20-29D2-42E7-B75E-785167C77806}"
EndProject
Project("{9A19103F-16F7-4668-BE54-9A1E7A4F7556}") = "LoggerService", "..\LoggerService\LoggerService.csproj", "{AB8CC93F-7F71-488D-B6C9-F07E375D0F34}"
	ProjectSection(ProjectDependencies) = postProject
		{D7113F20-29D2-42E7-B75E-785167C77806} = {D7113F20-29D2-42E7-B75E-785167C77806}
	EndProjectSection
EndProject
Project("{FAE04EC0-301F-11D3-BF4B-00C04F79EFBC}") = "Entities", "..\Models\Entities.csproj", "{356870AF-89EA-4A74-ABB8-5E4ADC2708FC}"
EndProject
Project("{FAE04EC0-301F-11D3-BF4B-00C04F79EFBC}") = "Repository", "..\Repository\Repository.csproj", "{9C289D18-2C6A-4B82-8C58-F83C66BEAB14}"
EndProject
Global
	GlobalSection(SolutionConfigurationPlatforms) = preSolution
		Debug|Any CPU = Debug|Any CPU
		Release|Any CPU = Release|Any CPU
	EndGlobalSection
	GlobalSection(ProjectConfigurationPlatforms) = postSolution
		{F5DC6E42-974B-4B4A-97D1-63D207AF393B}.Debug|Any CPU.ActiveCfg = Debug|Any CPU
		{F5DC6E42-974B-4B4A-97D1-63D207AF393B}.Debug|Any CPU.Build.0 = Debug|Any CPU
		{F5DC6E42-974B-4B4A-97D1-63D207AF393B}.Release|Any CPU.ActiveCfg = Release|Any CPU
		{F5DC6E42-974B-4B4A-97D1-63D207AF393B}.Release|Any CPU.Build.0 = Release|Any CPU
		{D7113F20-29D2-42E7-B75E-785167C77806}.Debug|Any CPU.ActiveCfg = Debug|Any CPU
		{D7113F20-29D2-42E7-B75E-785167C77806}.Debug|Any CPU.Build.0 = Debug|Any CPU
		{D7113F20-29D2-42E7-B75E-785167C77806}.Release|Any CPU.ActiveCfg = Release|Any CPU
		{D7113F20-29D2-42E7-B75E-785167C77806}.Release|Any CPU.Build.0 = Release|Any CPU
		{AB8CC93F-7F71-488D-B6C9-F07E375D0F34}.Debug|Any CPU.ActiveCfg = Debug|Any CPU
		{AB8CC93F-7F71-488D-B6C9-F07E375D0F34}.Debug|Any CPU.Build.0 = Debug|Any CPU
		{AB8CC93F-7F71-488D-B6C9-F07E375D0F34}.Release|Any CPU.ActiveCfg = Release|Any CPU
		{AB8CC93F-7F71-488D-B6C9-F07E375D0F34}.Release|Any CPU.Build.0 = Release|Any CPU
		{356870AF-89EA-4A74-ABB8-5E4ADC2708FC}.Debug|Any CPU.ActiveCfg = Debug|Any CPU
		{356870AF-89EA-4A74-ABB8-5E4ADC2708FC}.Debug|Any CPU.Build.0 = Debug|Any CPU
		{356870AF-89EA-4A74-ABB8-5E4ADC2708FC}.Release|Any CPU.ActiveCfg = Release|Any CPU
		{356870AF-89EA-4A74-ABB8-5E4ADC2708FC}.Release|Any CPU.Build.0 = Release|Any CPU
		{9C289D18-2C6A-4B82-8C58-F83C66BEAB14}.Debug|Any CPU.ActiveCfg = Debug|Any CPU
		{9C289D18-2C6A-4B82-8C58-F83C66BEAB14}.Debug|Any CPU.Build.0 = Debug|Any CPU
		{9C289D18-2C6A-4B82-8C58-F83C66BEAB14}.Release|Any CPU.ActiveCfg = Release|Any CPU
		{9C289D18-2C6A-4B82-8C58-F83C66BEAB14}.Release|Any CPU.Build.0 = Release|Any CPU
	EndGlobalSection
	GlobalSection(SolutionProperties) = preSolution
		HideSolutionNode = FALSE
	EndGlobalSection
	GlobalSection(ExtensibilityGlobals) = postSolution
		SolutionGuid = {5B5E8563-ED4E-4BCB-A7FF-730BA77C0EA7}
	EndGlobalSection
EndGlobal
